
Microsoft Visual Studio Solution File, Format Version 12.00
# Visual Studio 15
Project("{FAE04EC0-301F-11D3-BF4B-00C04F79EFBC}") = "Assembly-CSharp", "Assembly-CSharp.csproj", "{F8258611-F316-5493-A296-7B21576828C0}"
EndProject
Project("{FAE04EC0-301F-11D3-BF4B-00C04F79EFBC}") = "Assembly-CSharp-Editor", "Assembly-CSharp-Editor.csproj", "{CCE20EE0-72F6-96B9-C533-2AF1BC358D6B}"
EndProject
Global
	GlobalSection(SolutionConfigurationPlatforms) = preSolution
		Debug|Any CPU = Debug|Any CPU
		Release|Any CPU = Release|Any CPU
	EndGlobalSection
	GlobalSection(ProjectConfigurationPlatforms) = postSolution
		{F8258611-F316-5493-A296-7B21576828C0}.Debug|Any CPU.ActiveCfg = Debug|Any CPU
		{F8258611-F316-5493-A296-7B21576828C0}.Debug|Any CPU.Build.0 = Debug|Any CPU
		{F8258611-F316-5493-A296-7B21576828C0}.Release|Any CPU.ActiveCfg = Release|Any CPU
		{F8258611-F316-5493-A296-7B21576828C0}.Release|Any CPU.Build.0 = Release|Any CPU
		{CCE20EE0-72F6-96B9-C533-2AF1BC358D6B}.Debug|Any CPU.ActiveCfg = Debug|Any CPU
		{CCE20EE0-72F6-96B9-C533-2AF1BC358D6B}.Debug|Any CPU.Build.0 = Debug|Any CPU
		{CCE20EE0-72F6-96B9-C533-2AF1BC358D6B}.Release|Any CPU.ActiveCfg = Release|Any CPU
		{CCE20EE0-72F6-96B9-C533-2AF1BC358D6B}.Release|Any CPU.Build.0 = Release|Any CPU
	EndGlobalSection
	GlobalSection(SolutionProperties) = preSolution
		HideSolutionNode = FALSE
	EndGlobalSection
EndGlobal
